{
  "requires": true,
  "lockfileVersion": 1,
  "dependencies": {
    "json-sql-builder2": {
      "version": "1.0.24",
      "resolved": "https://registry.npmjs.org/json-sql-builder2/-/json-sql-builder2-1.0.24.tgz",
      "integrity": "sha512-08bCzvt3nlz78LZhnF0lsQx9KgqOFd/VgIMCWTqYGVCumrai0O6iWHYF/KyGaTyAtdl5jV1MZ2AoWmFWQe3XSQ==",
      "requires": {
        "lodash": "4.17.19"
      }
    },
    "lodash": {
      "version": "4.17.19",
      "resolved": "https://registry.npmjs.org/lodash/-/lodash-4.17.19.tgz",
      "integrity": "sha512-JNvd8XER9GQX0v2qJgsaN/mzFCNA5BRe/j8JN9d+tWyGLSodKQHKFicdwNYzWwI3wjRnaKPsGj1XkBjx/F96DQ=="
    }
  }
}
